// !$*UTF8*$!
{
	archiveVersion = 1;
	classes = {
	};
	objectVersion = 50;
	objects = {

/* Begin PBXBuildFile section */
		5C175B262163DB0400C1FDA2 /* AppDelegate.swift in Sources */ = {isa = PBXBuildFile; fileRef = 5C175B252163DB0400C1FDA2 /* AppDelegate.swift */; };
		5C175B2D2163DB0600C1FDA2 /* Assets.xcassets in Resources */ = {isa = PBXBuildFile; fileRef = 5C175B2C2163DB0600C1FDA2 /* Assets.xcassets */; };
		5C175B302163DB0600C1FDA2 /* LaunchScreen.storyboard in Resources */ = {isa = PBXBuildFile; fileRef = 5C175B2E2163DB0600C1FDA2 /* LaunchScreen.storyboard */; };
		5C175B3C2163DF0800C1FDA2 /* FolderVC.swift in Sources */ = {isa = PBXBuildFile; fileRef = 5C175B3A2163DF0800C1FDA2 /* FolderVC.swift */; };
		5C175B3D2163DF0800C1FDA2 /* FolderVC.xib in Resources */ = {isa = PBXBuildFile; fileRef = 5C175B3B2163DF0800C1FDA2 /* FolderVC.xib */; };
		5C175B402163DFAC00C1FDA2 /* MainNavigationController.swift in Sources */ = {isa = PBXBuildFile; fileRef = 5C175B3E2163DFAC00C1FDA2 /* MainNavigationController.swift */; };
		5C175B412163DFAC00C1FDA2 /* MainNavigationController.xib in Resources */ = {isa = PBXBuildFile; fileRef = 5C175B3F2163DFAC00C1FDA2 /* MainNavigationController.xib */; };
		5C175B452163E0BE00C1FDA2 /* Colors.swift in Sources */ = {isa = PBXBuildFile; fileRef = 5C175B442163E0BE00C1FDA2 /* Colors.swift */; };
		5C175B4A2163F9A100C1FDA2 /* CustomCell.swift in Sources */ = {isa = PBXBuildFile; fileRef = 5C175B492163F9A100C1FDA2 /* CustomCell.swift */; };
		5C175B502163FB0600C1FDA2 /* fa-regular-400.ttf in Resources */ = {isa = PBXBuildFile; fileRef = 5C175B4E2163FAF900C1FDA2 /* fa-regular-400.ttf */; };
		5C175B512163FB0800C1FDA2 /* fa-solid-900.ttf in Resources */ = {isa = PBXBuildFile; fileRef = 5C175B4D2163FAF900C1FDA2 /* fa-solid-900.ttf */; };
		5C175B542164031500C1FDA2 /* CustomCell.xib in Resources */ = {isa = PBXBuildFile; fileRef = 5C175B532164031500C1FDA2 /* CustomCell.xib */; };
/* End PBXBuildFile section */

/* Begin PBXFileReference section */
		5C175B222163DB0400C1FDA2 /* Mon Cahier.app */ = {isa = PBXFileReference; explicitFileType = wrapper.application; includeInIndex = 0; path = "Mon Cahier.app"; sourceTree = BUILT_PRODUCTS_DIR; };
		5C175B252163DB0400C1FDA2 /* AppDelegate.swift */ = {isa = PBXFileReference; lastKnownFileType = sourcecode.swift; path = AppDelegate.swift; sourceTree = "<group>"; };
		5C175B2C2163DB0600C1FDA2 /* Assets.xcassets */ = {isa = PBXFileReference; lastKnownFileType = folder.assetcatalog; path = Assets.xcassets; sourceTree = "<group>"; };
		5C175B2F2163DB0600C1FDA2 /* Base */ = {isa = PBXFileReference; lastKnownFileType = file.storyboard; name = Base; path = Base.lproj/LaunchScreen.storyboard; sourceTree = "<group>"; };
		5C175B312163DB0600C1FDA2 /* Info.plist */ = {isa = PBXFileReference; lastKnownFileType = text.plist.xml; path = Info.plist; sourceTree = "<group>"; };
		5C175B3A2163DF0800C1FDA2 /* FolderVC.swift */ = {isa = PBXFileReference; lastKnownFileType = sourcecode.swift; path = FolderVC.swift; sourceTree = "<group>"; };
		5C175B3B2163DF0800C1FDA2 /* FolderVC.xib */ = {isa = PBXFileReference; lastKnownFileType = file.xib; path = FolderVC.xib; sourceTree = "<group>"; };
		5C175B3E2163DFAC00C1FDA2 /* MainNavigationController.swift */ = {isa = PBXFileReference; lastKnownFileType = sourcecode.swift; path = MainNavigationController.swift; sourceTree = "<group>"; };
		5C175B3F2163DFAC00C1FDA2 /* MainNavigationController.xib */ = {isa = PBXFileReference; lastKnownFileType = file.xib; path = MainNavigationController.xib; sourceTree = "<group>"; };
		5C175B442163E0BE00C1FDA2 /* Colors.swift */ = {isa = PBXFileReference; fileEncoding = 4; lastKnownFileType = sourcecode.swift; path = Colors.swift; sourceTree = "<group>"; };
		5C175B492163F9A100C1FDA2 /* CustomCell.swift */ = {isa = PBXFileReference; lastKnownFileType = sourcecode.swift; path = CustomCell.swift; sourceTree = "<group>"; };
		5C175B4D2163FAF900C1FDA2 /* fa-solid-900.ttf */ = {isa = PBXFileReference; lastKnownFileType = file; path = "fa-solid-900.ttf"; sourceTree = "<group>"; };
		5C175B4E2163FAF900C1FDA2 /* fa-regular-400.ttf */ = {isa = PBXFileReference; lastKnownFileType = file; path = "fa-regular-400.ttf"; sourceTree = "<group>"; };
		5C175B532164031500C1FDA2 /* CustomCell.xib */ = {isa = PBXFileReference; lastKnownFileType = file.xib; path = CustomCell.xib; sourceTree = "<group>"; };
/* End PBXFileReference section */

/* Begin PBXFrameworksBuildPhase section */
		5C175B1F2163DB0400C1FDA2 /* Frameworks */ = {
			isa = PBXFrameworksBuildPhase;
			buildActionMask = 2147483647;
			files = (
			);
			runOnlyForDeploymentPostprocessing = 0;
		};
/* End PBXFrameworksBuildPhase section */

/* Begin PBXGroup section */
		5C175B192163DB0400C1FDA2 = {
			isa = PBXGroup;
			children = (
				5C175B242163DB0400C1FDA2 /* Mon Cahier */,
				5C175B232163DB0400C1FDA2 /* Products */,
			);
			sourceTree = "<group>";
		};
		5C175B232163DB0400C1FDA2 /* Products */ = {
			isa = PBXGroup;
			children = (
				5C175B222163DB0400C1FDA2 /* Mon Cahier.app */,
			);
			name = Products;
			sourceTree = "<group>";
		};
		5C175B242163DB0400C1FDA2 /* Mon Cahier */ = {
			isa = PBXGroup;
			children = (
				5C175B4F2163FB0000C1FDA2 /* Fonts */,
				5C175B392163DDA900C1FDA2 /* Controller */,
				5C175B382163DDA500C1FDA2 /* View */,
				5C175B372163DD9B00C1FDA2 /* Model */,
				5C175B252163DB0400C1FDA2 /* AppDelegate.swift */,
				5C175B2C2163DB0600C1FDA2 /* Assets.xcassets */,
				5C175B2E2163DB0600C1FDA2 /* LaunchScreen.storyboard */,
				5C175B312163DB0600C1FDA2 /* Info.plist */,
			);
			path = "Mon Cahier";
			sourceTree = "<group>";
		};
		5C175B372163DD9B00C1FDA2 /* Model */ = {
			isa = PBXGroup;
			children = (
				5C175B442163E0BE00C1FDA2 /* Colors.swift */,
			);
			path = Model;
			sourceTree = "<group>";
		};
		5C175B382163DDA500C1FDA2 /* View */ = {
			isa = PBXGroup;
			children = (
				5C175B492163F9A100C1FDA2 /* CustomCell.swift */,
				5C175B532164031500C1FDA2 /* CustomCell.xib */,
			);
			path = View;
			sourceTree = "<group>";
		};
		5C175B392163DDA900C1FDA2 /* Controller */ = {
			isa = PBXGroup;
			children = (
				5C175B432163DFBF00C1FDA2 /* MainNavigationController */,
				5C175B422163DFB700C1FDA2 /* Folder */,
			);
			path = Controller;
			sourceTree = "<group>";
		};
		5C175B422163DFB700C1FDA2 /* Folder */ = {
			isa = PBXGroup;
			children = (
				5C175B3A2163DF0800C1FDA2 /* FolderVC.swift */,
				5C175B3B2163DF0800C1FDA2 /* FolderVC.xib */,
			);
			path = Folder;
			sourceTree = "<group>";
		};
		5C175B432163DFBF00C1FDA2 /* MainNavigationController */ = {
			isa = PBXGroup;
			children = (
				5C175B3E2163DFAC00C1FDA2 /* MainNavigationController.swift */,
				5C175B3F2163DFAC00C1FDA2 /* MainNavigationController.xib */,
			);
			path = MainNavigationController;
			sourceTree = "<group>";
		};
		5C175B4F2163FB0000C1FDA2 /* Fonts */ = {
			isa = PBXGroup;
			children = (
				5C175B4E2163FAF900C1FDA2 /* fa-regular-400.ttf */,
				5C175B4D2163FAF900C1FDA2 /* fa-solid-900.ttf */,
			);
			path = Fonts;
			sourceTree = "<group>";
		};
/* End PBXGroup section */

/* Begin PBXNativeTarget section */
		5C175B212163DB0400C1FDA2 /* Mon Cahier */ = {
			isa = PBXNativeTarget;
			buildConfigurationList = 5C175B342163DB0600C1FDA2 /* Build configuration list for PBXNativeTarget "Mon Cahier" */;
			buildPhases = (
				5C175B1E2163DB0400C1FDA2 /* Sources */,
				5C175B1F2163DB0400C1FDA2 /* Frameworks */,
				5C175B202163DB0400C1FDA2 /* Resources */,
			);
			buildRules = (
			);
			dependencies = (
			);
			name = "Mon Cahier";
			productName = "Mon Cahier";
			productReference = 5C175B222163DB0400C1FDA2 /* Mon Cahier.app */;
			productType = "com.apple.product-type.application";
		};
/* End PBXNativeTarget section */

/* Begin PBXProject section */
		5C175B1A2163DB0400C1FDA2 /* Project object */ = {
			isa = PBXProject;
			attributes = {
				LastSwiftUpdateCheck = 1000;
				LastUpgradeCheck = 1000;
				ORGANIZATIONNAME = "Pedro Francescon Cittolin";
				TargetAttributes = {
					5C175B212163DB0400C1FDA2 = {
						CreatedOnToolsVersion = 10.0;
					};
				};
			};
			buildConfigurationList = 5C175B1D2163DB0400C1FDA2 /* Build configuration list for PBXProject "Mon Cahier" */;
			compatibilityVersion = "Xcode 9.3";
			developmentRegion = en;
			hasScannedForEncodings = 0;
			knownRegions = (
				en,
				Base,
			);
			mainGroup = 5C175B192163DB0400C1FDA2;
			productRefGroup = 5C175B232163DB0400C1FDA2 /* Products */;
			projectDirPath = "";
			projectRoot = "";
			targets = (
				5C175B212163DB0400C1FDA2 /* Mon Cahier */,
			);
		};
/* End PBXProject section */

/* Begin PBXResourcesBuildPhase section */
		5C175B202163DB0400C1FDA2 /* Resources */ = {
			isa = PBXResourcesBuildPhase;
			buildActionMask = 2147483647;
			files = (
				5C175B302163DB0600C1FDA2 /* LaunchScreen.storyboard in Resources */,
				5C175B502163FB0600C1FDA2 /* fa-regular-400.ttf in Resources */,
				5C175B542164031500C1FDA2 /* CustomCell.xib in Resources */,
				5C175B3D2163DF0800C1FDA2 /* FolderVC.xib in Resources */,
				5C175B512163FB0800C1FDA2 /* fa-solid-900.ttf in Resources */,
				5C175B412163DFAC00C1FDA2 /* MainNavigationController.xib in Resources */,
				5C175B2D2163DB0600C1FDA2 /* Assets.xcassets in Resources */,
			);
			runOnlyForDeploymentPostprocessing = 0;
		};
/* End PBXResourcesBuildPhase section */

/* Begin PBXSourcesBuildPhase section */
		5C175B1E2163DB0400C1FDA2 /* Sources */ = {
			isa = PBXSourcesBuildPhase;
			buildActionMask = 2147483647;
			files = (
				5C175B402163DFAC00C1FDA2 /* MainNavigationController.swift in Sources */,
				5C175B452163E0BE00C1FDA2 /* Colors.swift in Sources */,
				5C175B3C2163DF0800C1FDA2 /* FolderVC.swift in Sources */,
				5C175B262163DB0400C1FDA2 /* AppDelegate.swift in Sources */,
				5C175B4A2163F9A100C1FDA2 /* CustomCell.swift in Sources */,
			);
			runOnlyForDeploymentPostprocessing = 0;
		};
/* End PBXSourcesBuildPhase section */

/* Begin PBXVariantGroup section */
		5C175B2E2163DB0600C1FDA2 /* LaunchScreen.storyboard */ = {
			isa = PBXVariantGroup;
			children = (
				5C175B2F2163DB0600C1FDA2 /* Base */,
			);
			name = LaunchScreen.storyboard;
			sourceTree = "<group>";
		};
/* End PBXVariantGroup section */

/* Begin XCBuildConfiguration section */
		5C175B322163DB0600C1FDA2 /* Debug */ = {
			isa = XCBuildConfiguration;
			buildSettings = {
				ALWAYS_SEARCH_USER_PATHS = NO;
				CLANG_ANALYZER_NONNULL = YES;
				CLANG_ANALYZER_NUMBER_OBJECT_CONVERSION = YES_AGGRESSIVE;
				CLANG_CXX_LANGUAGE_STANDARD = "gnu++14";
				CLANG_CXX_LIBRARY = "libc++";
				CLANG_ENABLE_MODULES = YES;
				CLANG_ENABLE_OBJC_ARC = YES;
				CLANG_ENABLE_OBJC_WEAK = YES;
				CLANG_WARN_BLOCK_CAPTURE_AUTORELEASING = YES;
				CLANG_WARN_BOOL_CONVERSION = YES;
				CLANG_WARN_COMMA = YES;
				CLANG_WARN_CONSTANT_CONVERSION = YES;
				CLANG_WARN_DEPRECATED_OBJC_IMPLEMENTATIONS = YES;
				CLANG_WARN_DIRECT_OBJC_ISA_USAGE = YES_ERROR;
				CLANG_WARN_DOCUMENTATION_COMMENTS = YES;
				CLANG_WARN_EMPTY_BODY = YES;
				CLANG_WARN_ENUM_CONVERSION = YES;
				CLANG_WARN_INFINITE_RECURSION = YES;
				CLANG_WARN_INT_CONVERSION = YES;
				CLANG_WARN_NON_LITERAL_NULL_CONVERSION = YES;
				CLANG_WARN_OBJC_IMPLICIT_RETAIN_SELF = YES;
				CLANG_WARN_OBJC_LITERAL_CONVERSION = YES;
				CLANG_WARN_OBJC_ROOT_CLASS = YES_ERROR;
				CLANG_WARN_RANGE_LOOP_ANALYSIS = YES;
				CLANG_WARN_STRICT_PROTOTYPES = YES;
				CLANG_WARN_SUSPICIOUS_MOVE = YES;
				CLANG_WARN_UNGUARDED_AVAILABILITY = YES_AGGRESSIVE;
				CLANG_WARN_UNREACHABLE_CODE = YES;
				CLANG_WARN__DUPLICATE_METHOD_MATCH = YES;
				CODE_SIGN_IDENTITY = "iPhone Developer";
				COPY_PHASE_STRIP = NO;
				DEBUG_INFORMATION_FORMAT = dwarf;
				ENABLE_STRICT_OBJC_MSGSEND = YES;
				ENABLE_TESTABILITY = YES;
				GCC_C_LANGUAGE_STANDARD = gnu11;
				GCC_DYNAMIC_NO_PIC = NO;
				GCC_NO_COMMON_BLOCKS = YES;
				GCC_OPTIMIZATION_LEVEL = 0;
				GCC_PREPROCESSOR_DEFINITIONS = (
					"DEBUG=1",
					"$(inherited)",
				);
				GCC_WARN_64_TO_32_BIT_CONVERSION = YES;
				GCC_WARN_ABOUT_RETURN_TYPE = YES_ERROR;
				GCC_WARN_UNDECLARED_SELECTOR = YES;
				GCC_WARN_UNINITIALIZED_AUTOS = YES_AGGRESSIVE;
				GCC_WARN_UNUSED_FUNCTION = YES;
				GCC_WARN_UNUSED_VARIABLE = YES;
				IPHONEOS_DEPLOYMENT_TARGET = 12.0;
				MTL_ENABLE_DEBUG_INFO = INCLUDE_SOURCE;
				MTL_FAST_MATH = YES;
				ONLY_ACTIVE_ARCH = YES;
				SDKROOT = iphoneos;
				SWIFT_ACTIVE_COMPILATION_CONDITIONS = DEBUG;
				SWIFT_OPTIMIZATION_LEVEL = "-Onone";
			};
			name = Debug;
		};
		5C175B332163DB0600C1FDA2 /* Release */ = {
			isa = XCBuildConfiguration;
			buildSettings = {
				ALWAYS_SEARCH_USER_PATHS = NO;
				CLANG_ANALYZER_NONNULL = YES;
				CLANG_ANALYZER_NUMBER_OBJECT_CONVERSION = YES_AGGRESSIVE;
				CLANG_CXX_LANGUAGE_STANDARD = "gnu++14";
				CLANG_CXX_LIBRARY = "libc++";
				CLANG_ENABLE_MODULES = YES;
				CLANG_ENABLE_OBJC_ARC = YES;
				CLANG_ENABLE_OBJC_WEAK = YES;
				CLANG_WARN_BLOCK_CAPTURE_AUTORELEASING = YES;
				CLANG_WARN_BOOL_CONVERSION = YES;
				CLANG_WARN_COMMA = YES;
				CLANG_WARN_CONSTANT_CONVERSION = YES;
				CLANG_WARN_DEPRECATED_OBJC_IMPLEMENTATIONS = YES;
				CLANG_WARN_DIRECT_OBJC_ISA_USAGE = YES_ERROR;
				CLANG_WARN_DOCUMENTATION_COMMENTS = YES;
				CLANG_WARN_EMPTY_BODY = YES;
				CLANG_WARN_ENUM_CONVERSION = YES;
				CLANG_WARN_INFINITE_RECURSION = YES;
				CLANG_WARN_INT_CONVERSION = YES;
				CLANG_WARN_NON_LITERAL_NULL_CONVERSION = YES;
				CLANG_WARN_OBJC_IMPLICIT_RETAIN_SELF = YES;
				CLANG_WARN_OBJC_LITERAL_CONVERSION = YES;
				CLANG_WARN_OBJC_ROOT_CLASS = YES_ERROR;
				CLANG_WARN_RANGE_LOOP_ANALYSIS = YES;
				CLANG_WARN_STRICT_PROTOTYPES = YES;
				CLANG_WARN_SUSPICIOUS_MOVE = YES;
				CLANG_WARN_UNGUARDED_AVAILABILITY = YES_AGGRESSIVE;
				CLANG_WARN_UNREACHABLE_CODE = YES;
				CLANG_WARN__DUPLICATE_METHOD_MATCH = YES;
				CODE_SIGN_IDENTITY = "iPhone Developer";
				COPY_PHASE_STRIP = NO;
				DEBUG_INFORMATION_FORMAT = "dwarf-with-dsym";
				ENABLE_NS_ASSERTIONS = NO;
				ENABLE_STRICT_OBJC_MSGSEND = YES;
				GCC_C_LANGUAGE_STANDARD = gnu11;
				GCC_NO_COMMON_BLOCKS = YES;
				GCC_WARN_64_TO_32_BIT_CONVERSION = YES;
				GCC_WARN_ABOUT_RETURN_TYPE = YES_ERROR;
				GCC_WARN_UNDECLARED_SELECTOR = YES;
				GCC_WARN_UNINITIALIZED_AUTOS = YES_AGGRESSIVE;
				GCC_WARN_UNUSED_FUNCTION = YES;
				GCC_WARN_UNUSED_VARIABLE = YES;
				IPHONEOS_DEPLOYMENT_TARGET = 12.0;
				MTL_ENABLE_DEBUG_INFO = NO;
				MTL_FAST_MATH = YES;
				SDKROOT = iphoneos;
				SWIFT_COMPILATION_MODE = wholemodule;
				SWIFT_OPTIMIZATION_LEVEL = "-O";
				VALIDATE_PRODUCT = YES;
			};
			name = Release;
		};
		5C175B352163DB0600C1FDA2 /* Debug */ = {
			isa = XCBuildConfiguration;
			buildSettings = {
				ASSETCATALOG_COMPILER_APPICON_NAME = AppIcon;
				CODE_SIGN_STYLE = Automatic;
				DEVELOPMENT_TEAM = BHL8VA7QFW;
				INFOPLIST_FILE = "Mon Cahier/Info.plist";
				LD_RUNPATH_SEARCH_PATHS = (
					"$(inherited)",
					"@executable_path/Frameworks",
				);
				PRODUCT_BUNDLE_IDENTIFIER = "com.Mon-Cahier";
				PRODUCT_NAME = "$(TARGET_NAME)";
				SWIFT_VERSION = 4.2;
				TARGETED_DEVICE_FAMILY = "1,2";
			};
			name = Debug;
		};
		5C175B362163DB0600C1FDA2 /* Release */ = {
			isa = XCBuildConfiguration;
			buildSettings = {
				ASSETCATALOG_COMPILER_APPICON_NAME = AppIcon;
				CODE_SIGN_STYLE = Automatic;
				DEVELOPMENT_TEAM = BHL8VA7QFW;
				INFOPLIST_FILE = "Mon Cahier/Info.plist";
				LD_RUNPATH_SEARCH_PATHS = (
					"$(inherited)",
					"@executable_path/Frameworks",
				);
				PRODUCT_BUNDLE_IDENTIFIER = "com.Mon-Cahier";
				PRODUCT_NAME = "$(TARGET_NAME)";
				SWIFT_VERSION = 4.2;
				TARGETED_DEVICE_FAMILY = "1,2";
			};
			name = Release;
		};
/* End XCBuildConfiguration section */

/* Begin XCConfigurationList section */
		5C175B1D2163DB0400C1FDA2 /* Build configuration list for PBXProject "Mon Cahier" */ = {
			isa = XCConfigurationList;
			buildConfigurations = (
				5C175B322163DB0600C1FDA2 /* Debug */,
				5C175B332163DB0600C1FDA2 /* Release */,
			);
			defaultConfigurationIsVisible = 0;
			defaultConfigurationName = Release;
		};
		5C175B342163DB0600C1FDA2 /* Build configuration list for PBXNativeTarget "Mon Cahier" */ = {
			isa = XCConfigurationList;
			buildConfigurations = (
				5C175B352163DB0600C1FDA2 /* Debug */,
				5C175B362163DB0600C1FDA2 /* Release */,
			);
			defaultConfigurationIsVisible = 0;
			defaultConfigurationName = Release;
		};
/* End XCConfigurationList section */
	};
	rootObject = 5C175B1A2163DB0400C1FDA2 /* Project object */;
}
